
Microsoft Visual Studio Solution File, Format Version 12.00
# Visual Studio Version 17
VisualStudioVersion = 17.8.34511.84
MinimumVisualStudioVersion = 10.0.40219.1
Project("{8BC9CEB8-8B4A-11D0-8D11-00A0C91BC942}") = "BalancedBinaryTreeCpp", "BalancedBinaryTreeCpp.vcxproj", "{823A3209-1527-4751-A690-E478192F50D0}"
EndProject
Global
	GlobalSection(SolutionConfigurationPlatforms) = preSolution
		Debug|x64 = Debug|x64
		Debug|x86 = Debug|x86
		Release|x64 = Release|x64
		Release|x86 = Release|x86
	EndGlobalSection
	GlobalSection(ProjectConfigurationPlatforms) = postSolution
		{823A3209-1527-4751-A690-E478192F50D0}.Debug|x64.ActiveCfg = Debug|x64
		{823A3209-1527-4751-A690-E478192F50D0}.Debug|x64.Build.0 = Debug|x64
		{823A3209-1527-4751-A690-E478192F50D0}.Debug|x86.ActiveCfg = Debug|Win32
		{823A3209-1527-4751-A690-E478192F50D0}.Debug|x86.Build.0 = Debug|Win32
		{823A3209-1527-4751-A690-E478192F50D0}.Release|x64.ActiveCfg = Release|x64
		{823A3209-1527-4751-A690-E478192F50D0}.Release|x64.Build.0 = Release|x64
		{823A3209-1527-4751-A690-E478192F50D0}.Release|x86.ActiveCfg = Release|Win32
		{823A3209-1527-4751-A690-E478192F50D0}.Release|x86.Build.0 = Release|Win32
	EndGlobalSection
	GlobalSection(SolutionProperties) = preSolution
		HideSolutionNode = FALSE
	EndGlobalSection
	GlobalSection(ExtensibilityGlobals) = postSolution
		SolutionGuid = {6D4B7466-A323-452F-B381-DA27A63F5E38}
	EndGlobalSection
EndGlobal
